
Microsoft Visual Studio Solution File, Format Version 12.00
# Visual Studio Version 16
VisualStudioVersion = 16.0.30804.86
MinimumVisualStudioVersion = 10.0.40219.1
Project("{FAE04EC0-301F-11D3-BF4B-00C04F79EFBC}") = "SocialNetworking_Kata.Web", "SocialNetworking_Kata\SocialNetworking_Kata.Web.csproj", "{B026F389-BFE1-49C1-AB38-23A8158322A7}"
EndProject
Project("{FAE04EC0-301F-11D3-BF4B-00C04F79EFBC}") = "SocialNetworking_Kata.Data", "SocialNetworking_Kata.Data\SocialNetworking_Kata.Data.csproj", "{C5B2AA8C-BBFC-49B4-BAD0-76F9722E77A8}"
EndProject
Global
	GlobalSection(SolutionConfigurationPlatforms) = preSolution
		Debug|Any CPU = Debug|Any CPU
		Release|Any CPU = Release|Any CPU
	EndGlobalSection
	GlobalSection(ProjectConfigurationPlatforms) = postSolution
		{B026F389-BFE1-49C1-AB38-23A8158322A7}.Debug|Any CPU.ActiveCfg = Debug|Any CPU
		{B026F389-BFE1-49C1-AB38-23A8158322A7}.Debug|Any CPU.Build.0 = Debug|Any CPU
		{B026F389-BFE1-49C1-AB38-23A8158322A7}.Release|Any CPU.ActiveCfg = Release|Any CPU
		{B026F389-BFE1-49C1-AB38-23A8158322A7}.Release|Any CPU.Build.0 = Release|Any CPU
		{C5B2AA8C-BBFC-49B4-BAD0-76F9722E77A8}.Debug|Any CPU.ActiveCfg = Debug|Any CPU
		{C5B2AA8C-BBFC-49B4-BAD0-76F9722E77A8}.Debug|Any CPU.Build.0 = Debug|Any CPU
		{C5B2AA8C-BBFC-49B4-BAD0-76F9722E77A8}.Release|Any CPU.ActiveCfg = Release|Any CPU
		{C5B2AA8C-BBFC-49B4-BAD0-76F9722E77A8}.Release|Any CPU.Build.0 = Release|Any CPU
	EndGlobalSection
	GlobalSection(SolutionProperties) = preSolution
		HideSolutionNode = FALSE
	EndGlobalSection
	GlobalSection(ExtensibilityGlobals) = postSolution
		SolutionGuid = {C13B5C0A-928B-4ACD-9C0A-D5DF9BC568BA}
	EndGlobalSection
EndGlobal
